// !$*UTF8*$!
{
	archiveVersion = 1;
	classes = {
	};
	objectVersion = 56;
	objects = {

/* Begin PBXBuildFile section */
		D1357EA629E56B5E000F2DFF /* AppDelegate.swift in Sources */ = {isa = PBXBuildFile; fileRef = D1357EA529E56B5E000F2DFF /* AppDelegate.swift */; };
		D1357EA829E56B5E000F2DFF /* SceneDelegate.swift in Sources */ = {isa = PBXBuildFile; fileRef = D1357EA729E56B5E000F2DFF /* SceneDelegate.swift */; };
		D1357EAA29E56B5E000F2DFF /* ViewController.swift in Sources */ = {isa = PBXBuildFile; fileRef = D1357EA929E56B5E000F2DFF /* ViewController.swift */; };
		D1357EAF29E56B5F000F2DFF /* Assets.xcassets in Resources */ = {isa = PBXBuildFile; fileRef = D1357EAE29E56B5F000F2DFF /* Assets.xcassets */; };
		D1357EB229E56B5F000F2DFF /* LaunchScreen.storyboard in Resources */ = {isa = PBXBuildFile; fileRef = D1357EB029E56B5F000F2DFF /* LaunchScreen.storyboard */; };
		D1357EBD29E56B5F000F2DFF /* ToDoListEunhoTests.swift in Sources */ = {isa = PBXBuildFile; fileRef = D1357EBC29E56B5F000F2DFF /* ToDoListEunhoTests.swift */; };
		D1357EC729E56B5F000F2DFF /* ToDoListEunhoUITests.swift in Sources */ = {isa = PBXBuildFile; fileRef = D1357EC629E56B5F000F2DFF /* ToDoListEunhoUITests.swift */; };
		D1357EC929E56B5F000F2DFF /* ToDoListEunhoUITestsLaunchTests.swift in Sources */ = {isa = PBXBuildFile; fileRef = D1357EC829E56B5F000F2DFF /* ToDoListEunhoUITestsLaunchTests.swift */; };
		D1357ED729E56BBE000F2DFF /* Then in Frameworks */ = {isa = PBXBuildFile; productRef = D1357ED629E56BBE000F2DFF /* Then */; };
		D1357EDA29E56BD0000F2DFF /* SnapKit in Frameworks */ = {isa = PBXBuildFile; productRef = D1357ED929E56BD0000F2DFF /* SnapKit */; };
/* End PBXBuildFile section */

/* Begin PBXContainerItemProxy section */
		D1357EB929E56B5F000F2DFF /* PBXContainerItemProxy */ = {
			isa = PBXContainerItemProxy;
			containerPortal = D1357E9A29E56B5E000F2DFF /* Project object */;
			proxyType = 1;
			remoteGlobalIDString = D1357EA129E56B5E000F2DFF;
			remoteInfo = ToDoListEunho;
		};
		D1357EC329E56B5F000F2DFF /* PBXContainerItemProxy */ = {
			isa = PBXContainerItemProxy;
			containerPortal = D1357E9A29E56B5E000F2DFF /* Project object */;
			proxyType = 1;
			remoteGlobalIDString = D1357EA129E56B5E000F2DFF;
			remoteInfo = ToDoListEunho;
		};
/* End PBXContainerItemProxy section */

/* Begin PBXFileReference section */
		D1357EA229E56B5E000F2DFF /* ToDoListEunho.app */ = {isa = PBXFileReference; explicitFileType = wrapper.application; includeInIndex = 0; path = ToDoListEunho.app; sourceTree = BUILT_PRODUCTS_DIR; };
		D1357EA529E56B5E000F2DFF /* AppDelegate.swift */ = {isa = PBXFileReference; lastKnownFileType = sourcecode.swift; path = AppDelegate.swift; sourceTree = "<group>"; };
		D1357EA729E56B5E000F2DFF /* SceneDelegate.swift */ = {isa = PBXFileReference; lastKnownFileType = sourcecode.swift; path = SceneDelegate.swift; sourceTree = "<group>"; };
		D1357EA929E56B5E000F2DFF /* ViewController.swift */ = {isa = PBXFileReference; lastKnownFileType = sourcecode.swift; path = ViewController.swift; sourceTree = "<group>"; };
		D1357EAE29E56B5F000F2DFF /* Assets.xcassets */ = {isa = PBXFileReference; lastKnownFileType = folder.assetcatalog; path = Assets.xcassets; sourceTree = "<group>"; };
		D1357EB129E56B5F000F2DFF /* Base */ = {isa = PBXFileReference; lastKnownFileType = file.storyboard; name = Base; path = Base.lproj/LaunchScreen.storyboard; sourceTree = "<group>"; };
		D1357EB329E56B5F000F2DFF /* Info.plist */ = {isa = PBXFileReference; lastKnownFileType = text.plist.xml; path = Info.plist; sourceTree = "<group>"; };
		D1357EB829E56B5F000F2DFF /* ToDoListEunhoTests.xctest */ = {isa = PBXFileReference; explicitFileType = wrapper.cfbundle; includeInIndex = 0; path = ToDoListEunhoTests.xctest; sourceTree = BUILT_PRODUCTS_DIR; };
		D1357EBC29E56B5F000F2DFF /* ToDoListEunhoTests.swift */ = {isa = PBXFileReference; lastKnownFileType = sourcecode.swift; path = ToDoListEunhoTests.swift; sourceTree = "<group>"; };
		D1357EC229E56B5F000F2DFF /* ToDoListEunhoUITests.xctest */ = {isa = PBXFileReference; explicitFileType = wrapper.cfbundle; includeInIndex = 0; path = ToDoListEunhoUITests.xctest; sourceTree = BUILT_PRODUCTS_DIR; };
		D1357EC629E56B5F000F2DFF /* ToDoListEunhoUITests.swift */ = {isa = PBXFileReference; lastKnownFileType = sourcecode.swift; path = ToDoListEunhoUITests.swift; sourceTree = "<group>"; };
		D1357EC829E56B5F000F2DFF /* ToDoListEunhoUITestsLaunchTests.swift */ = {isa = PBXFileReference; lastKnownFileType = sourcecode.swift; path = ToDoListEunhoUITestsLaunchTests.swift; sourceTree = "<group>"; };
/* End PBXFileReference section */

/* Begin PBXFrameworksBuildPhase section */
		D1357E9F29E56B5E000F2DFF /* Frameworks */ = {
			isa = PBXFrameworksBuildPhase;
			buildActionMask = 2147483647;
			files = (
				D1357ED729E56BBE000F2DFF /* Then in Frameworks */,
				D1357EDA29E56BD0000F2DFF /* SnapKit in Frameworks */,
			);
			runOnlyForDeploymentPostprocessing = 0;
		};
		D1357EB529E56B5F000F2DFF /* Frameworks */ = {
			isa = PBXFrameworksBuildPhase;
			buildActionMask = 2147483647;
			files = (
			);
			runOnlyForDeploymentPostprocessing = 0;
		};
		D1357EBF29E56B5F000F2DFF /* Frameworks */ = {
			isa = PBXFrameworksBuildPhase;
			buildActionMask = 2147483647;
			files = (
			);
			runOnlyForDeploymentPostprocessing = 0;
		};
/* End PBXFrameworksBuildPhase section */

/* Begin PBXGroup section */
		D1357E9929E56B5E000F2DFF = {
			isa = PBXGroup;
			children = (
				D1357EA429E56B5E000F2DFF /* ToDoListEunho */,
				D1357EBB29E56B5F000F2DFF /* ToDoListEunhoTests */,
				D1357EC529E56B5F000F2DFF /* ToDoListEunhoUITests */,
				D1357EA329E56B5E000F2DFF /* Products */,
			);
			sourceTree = "<group>";
		};
		D1357EA329E56B5E000F2DFF /* Products */ = {
			isa = PBXGroup;
			children = (
				D1357EA229E56B5E000F2DFF /* ToDoListEunho.app */,
				D1357EB829E56B5F000F2DFF /* ToDoListEunhoTests.xctest */,
				D1357EC229E56B5F000F2DFF /* ToDoListEunhoUITests.xctest */,
			);
			name = Products;
			sourceTree = "<group>";
		};
		D1357EA429E56B5E000F2DFF /* ToDoListEunho */ = {
			isa = PBXGroup;
			children = (
				D1357EA529E56B5E000F2DFF /* AppDelegate.swift */,
				D1357EA729E56B5E000F2DFF /* SceneDelegate.swift */,
				D1357EA929E56B5E000F2DFF /* ViewController.swift */,
				D1357EAE29E56B5F000F2DFF /* Assets.xcassets */,
				D1357EB029E56B5F000F2DFF /* LaunchScreen.storyboard */,
				D1357EB329E56B5F000F2DFF /* Info.plist */,
			);
			path = ToDoListEunho;
			sourceTree = "<group>";
		};
		D1357EBB29E56B5F000F2DFF /* ToDoListEunhoTests */ = {
			isa = PBXGroup;
			children = (
				D1357EBC29E56B5F000F2DFF /* ToDoListEunhoTests.swift */,
			);
			path = ToDoListEunhoTests;
			sourceTree = "<group>";
		};
		D1357EC529E56B5F000F2DFF /* ToDoListEunhoUITests */ = {
			isa = PBXGroup;
			children = (
				D1357EC629E56B5F000F2DFF /* ToDoListEunhoUITests.swift */,
				D1357EC829E56B5F000F2DFF /* ToDoListEunhoUITestsLaunchTests.swift */,
			);
			path = ToDoListEunhoUITests;
			sourceTree = "<group>";
		};
/* End PBXGroup section */

/* Begin PBXNativeTarget section */
		D1357EA129E56B5E000F2DFF /* ToDoListEunho */ = {
			isa = PBXNativeTarget;
			buildConfigurationList = D1357ECC29E56B5F000F2DFF /* Build configuration list for PBXNativeTarget "ToDoListEunho" */;
			buildPhases = (
				D1357E9E29E56B5E000F2DFF /* Sources */,
				D1357E9F29E56B5E000F2DFF /* Frameworks */,
				D1357EA029E56B5E000F2DFF /* Resources */,
			);
			buildRules = (
			);
			dependencies = (
			);
			name = ToDoListEunho;
			packageProductDependencies = (
				D1357ED629E56BBE000F2DFF /* Then */,
				D1357ED929E56BD0000F2DFF /* SnapKit */,
			);
			productName = ToDoListEunho;
			productReference = D1357EA229E56B5E000F2DFF /* ToDoListEunho.app */;
			productType = "com.apple.product-type.application";
		};
		D1357EB729E56B5F000F2DFF /* ToDoListEunhoTests */ = {
			isa = PBXNativeTarget;
			buildConfigurationList = D1357ECF29E56B5F000F2DFF /* Build configuration list for PBXNativeTarget "ToDoListEunhoTests" */;
			buildPhases = (
				D1357EB429E56B5F000F2DFF /* Sources */,
				D1357EB529E56B5F000F2DFF /* Frameworks */,
				D1357EB629E56B5F000F2DFF /* Resources */,
			);
			buildRules = (
			);
			dependencies = (
				D1357EBA29E56B5F000F2DFF /* PBXTargetDependency */,
			);
			name = ToDoListEunhoTests;
			productName = ToDoListEunhoTests;
			productReference = D1357EB829E56B5F000F2DFF /* ToDoListEunhoTests.xctest */;
			productType = "com.apple.product-type.bundle.unit-test";
		};
		D1357EC129E56B5F000F2DFF /* ToDoListEunhoUITests */ = {
			isa = PBXNativeTarget;
			buildConfigurationList = D1357ED229E56B5F000F2DFF /* Build configuration list for PBXNativeTarget "ToDoListEunhoUITests" */;
			buildPhases = (
				D1357EBE29E56B5F000F2DFF /* Sources */,
				D1357EBF29E56B5F000F2DFF /* Frameworks */,
				D1357EC029E56B5F000F2DFF /* Resources */,
			);
			buildRules = (
			);
			dependencies = (
				D1357EC429E56B5F000F2DFF /* PBXTargetDependency */,
			);
			name = ToDoListEunhoUITests;
			productName = ToDoListEunhoUITests;
			productReference = D1357EC229E56B5F000F2DFF /* ToDoListEunhoUITests.xctest */;
			productType = "com.apple.product-type.bundle.ui-testing";
		};
/* End PBXNativeTarget section */

/* Begin PBXProject section */
		D1357E9A29E56B5E000F2DFF /* Project object */ = {
			isa = PBXProject;
			attributes = {
				BuildIndependentTargetsInParallel = 1;
				LastSwiftUpdateCheck = 1420;
				LastUpgradeCheck = 1420;
				TargetAttributes = {
					D1357EA129E56B5E000F2DFF = {
						CreatedOnToolsVersion = 14.2;
					};
					D1357EB729E56B5F000F2DFF = {
						CreatedOnToolsVersion = 14.2;
						TestTargetID = D1357EA129E56B5E000F2DFF;
					};
					D1357EC129E56B5F000F2DFF = {
						CreatedOnToolsVersion = 14.2;
						TestTargetID = D1357EA129E56B5E000F2DFF;
					};
				};
			};
			buildConfigurationList = D1357E9D29E56B5E000F2DFF /* Build configuration list for PBXProject "ToDoListEunho" */;
			compatibilityVersion = "Xcode 14.0";
			developmentRegion = en;
			hasScannedForEncodings = 0;
			knownRegions = (
				en,
				Base,
			);
			mainGroup = D1357E9929E56B5E000F2DFF;
			packageReferences = (
				D1357ED529E56BBE000F2DFF /* XCRemoteSwiftPackageReference "Then" */,
				D1357ED829E56BD0000F2DFF /* XCRemoteSwiftPackageReference "SnapKit" */,
			);
			productRefGroup = D1357EA329E56B5E000F2DFF /* Products */;
			projectDirPath = "";
			projectRoot = "";
			targets = (
				D1357EA129E56B5E000F2DFF /* ToDoListEunho */,
				D1357EB729E56B5F000F2DFF /* ToDoListEunhoTests */,
				D1357EC129E56B5F000F2DFF /* ToDoListEunhoUITests */,
			);
		};
/* End PBXProject section */

/* Begin PBXResourcesBuildPhase section */
		D1357EA029E56B5E000F2DFF /* Resources */ = {
			isa = PBXResourcesBuildPhase;
			buildActionMask = 2147483647;
			files = (
				D1357EB229E56B5F000F2DFF /* LaunchScreen.storyboard in Resources */,
				D1357EAF29E56B5F000F2DFF /* Assets.xcassets in Resources */,
			);
			runOnlyForDeploymentPostprocessing = 0;
		};
		D1357EB629E56B5F000F2DFF /* Resources */ = {
			isa = PBXResourcesBuildPhase;
			buildActionMask = 2147483647;
			files = (
			);
			runOnlyForDeploymentPostprocessing = 0;
		};
		D1357EC029E56B5F000F2DFF /* Resources */ = {
			isa = PBXResourcesBuildPhase;
			buildActionMask = 2147483647;
			files = (
			);
			runOnlyForDeploymentPostprocessing = 0;
		};
/* End PBXResourcesBuildPhase section */

/* Begin PBXSourcesBuildPhase section */
		D1357E9E29E56B5E000F2DFF /* Sources */ = {
			isa = PBXSourcesBuildPhase;
			buildActionMask = 2147483647;
			files = (
				D1357EAA29E56B5E000F2DFF /* ViewController.swift in Sources */,
				D1357EA629E56B5E000F2DFF /* AppDelegate.swift in Sources */,
				D1357EA829E56B5E000F2DFF /* SceneDelegate.swift in Sources */,
			);
			runOnlyForDeploymentPostprocessing = 0;
		};
		D1357EB429E56B5F000F2DFF /* Sources */ = {
			isa = PBXSourcesBuildPhase;
			buildActionMask = 2147483647;
			files = (
				D1357EBD29E56B5F000F2DFF /* ToDoListEunhoTests.swift in Sources */,
			);
			runOnlyForDeploymentPostprocessing = 0;
		};
		D1357EBE29E56B5F000F2DFF /* Sources */ = {
			isa = PBXSourcesBuildPhase;
			buildActionMask = 2147483647;
			files = (
				D1357EC929E56B5F000F2DFF /* ToDoListEunhoUITestsLaunchTests.swift in Sources */,
				D1357EC729E56B5F000F2DFF /* ToDoListEunhoUITests.swift in Sources */,
			);
			runOnlyForDeploymentPostprocessing = 0;
		};
/* End PBXSourcesBuildPhase section */

/* Begin PBXTargetDependency section */
		D1357EBA29E56B5F000F2DFF /* PBXTargetDependency */ = {
			isa = PBXTargetDependency;
			target = D1357EA129E56B5E000F2DFF /* ToDoListEunho */;
			targetProxy = D1357EB929E56B5F000F2DFF /* PBXContainerItemProxy */;
		};
		D1357EC429E56B5F000F2DFF /* PBXTargetDependency */ = {
			isa = PBXTargetDependency;
			target = D1357EA129E56B5E000F2DFF /* ToDoListEunho */;
			targetProxy = D1357EC329E56B5F000F2DFF /* PBXContainerItemProxy */;
		};
/* End PBXTargetDependency section */

/* Begin PBXVariantGroup section */
		D1357EB029E56B5F000F2DFF /* LaunchScreen.storyboard */ = {
			isa = PBXVariantGroup;
			children = (
				D1357EB129E56B5F000F2DFF /* Base */,
			);
			name = LaunchScreen.storyboard;
			sourceTree = "<group>";
		};
/* End PBXVariantGroup section */

/* Begin XCBuildConfiguration section */
		D1357ECA29E56B5F000F2DFF /* Debug */ = {
			isa = XCBuildConfiguration;
			buildSettings = {
				ALWAYS_SEARCH_USER_PATHS = NO;
				CLANG_ANALYZER_NONNULL = YES;
				CLANG_ANALYZER_NUMBER_OBJECT_CONVERSION = YES_AGGRESSIVE;
				CLANG_CXX_LANGUAGE_STANDARD = "gnu++20";
				CLANG_ENABLE_MODULES = YES;
				CLANG_ENABLE_OBJC_ARC = YES;
				CLANG_ENABLE_OBJC_WEAK = YES;
				CLANG_WARN_BLOCK_CAPTURE_AUTORELEASING = YES;
				CLANG_WARN_BOOL_CONVERSION = YES;
				CLANG_WARN_COMMA = YES;
				CLANG_WARN_CONSTANT_CONVERSION = YES;
				CLANG_WARN_DEPRECATED_OBJC_IMPLEMENTATIONS = YES;
				CLANG_WARN_DIRECT_OBJC_ISA_USAGE = YES_ERROR;
				CLANG_WARN_DOCUMENTATION_COMMENTS = YES;
				CLANG_WARN_EMPTY_BODY = YES;
				CLANG_WARN_ENUM_CONVERSION = YES;
				CLANG_WARN_INFINITE_RECURSION = YES;
				CLANG_WARN_INT_CONVERSION = YES;
				CLANG_WARN_NON_LITERAL_NULL_CONVERSION = YES;
				CLANG_WARN_OBJC_IMPLICIT_RETAIN_SELF = YES;
				CLANG_WARN_OBJC_LITERAL_CONVERSION = YES;
				CLANG_WARN_OBJC_ROOT_CLASS = YES_ERROR;
				CLANG_WARN_QUOTED_INCLUDE_IN_FRAMEWORK_HEADER = YES;
				CLANG_WARN_RANGE_LOOP_ANALYSIS = YES;
				CLANG_WARN_STRICT_PROTOTYPES = YES;
				CLANG_WARN_SUSPICIOUS_MOVE = YES;
				CLANG_WARN_UNGUARDED_AVAILABILITY = YES_AGGRESSIVE;
				CLANG_WARN_UNREACHABLE_CODE = YES;
				CLANG_WARN__DUPLICATE_METHOD_MATCH = YES;
				COPY_PHASE_STRIP = NO;
				DEBUG_INFORMATION_FORMAT = dwarf;
				ENABLE_STRICT_OBJC_MSGSEND = YES;
				ENABLE_TESTABILITY = YES;
				GCC_C_LANGUAGE_STANDARD = gnu11;
				GCC_DYNAMIC_NO_PIC = NO;
				GCC_NO_COMMON_BLOCKS = YES;
				GCC_OPTIMIZATION_LEVEL = 0;
				GCC_PREPROCESSOR_DEFINITIONS = (
					"DEBUG=1",
					"$(inherited)",
				);
				GCC_WARN_64_TO_32_BIT_CONVERSION = YES;
				GCC_WARN_ABOUT_RETURN_TYPE = YES_ERROR;
				GCC_WARN_UNDECLARED_SELECTOR = YES;
				GCC_WARN_UNINITIALIZED_AUTOS = YES_AGGRESSIVE;
				GCC_WARN_UNUSED_FUNCTION = YES;
				GCC_WARN_UNUSED_VARIABLE = YES;
				IPHONEOS_DEPLOYMENT_TARGET = 16.2;
				MTL_ENABLE_DEBUG_INFO = INCLUDE_SOURCE;
				MTL_FAST_MATH = YES;
				ONLY_ACTIVE_ARCH = YES;
				SDKROOT = iphoneos;
				SWIFT_ACTIVE_COMPILATION_CONDITIONS = DEBUG;
				SWIFT_OPTIMIZATION_LEVEL = "-Onone";
			};
			name = Debug;
		};
		D1357ECB29E56B5F000F2DFF /* Release */ = {
			isa = XCBuildConfiguration;
			buildSettings = {
				ALWAYS_SEARCH_USER_PATHS = NO;
				CLANG_ANALYZER_NONNULL = YES;
				CLANG_ANALYZER_NUMBER_OBJECT_CONVERSION = YES_AGGRESSIVE;
				CLANG_CXX_LANGUAGE_STANDARD = "gnu++20";
				CLANG_ENABLE_MODULES = YES;
				CLANG_ENABLE_OBJC_ARC = YES;
				CLANG_ENABLE_OBJC_WEAK = YES;
				CLANG_WARN_BLOCK_CAPTURE_AUTORELEASING = YES;
				CLANG_WARN_BOOL_CONVERSION = YES;
				CLANG_WARN_COMMA = YES;
				CLANG_WARN_CONSTANT_CONVERSION = YES;
				CLANG_WARN_DEPRECATED_OBJC_IMPLEMENTATIONS = YES;
				CLANG_WARN_DIRECT_OBJC_ISA_USAGE = YES_ERROR;
				CLANG_WARN_DOCUMENTATION_COMMENTS = YES;
				CLANG_WARN_EMPTY_BODY = YES;
				CLANG_WARN_ENUM_CONVERSION = YES;
				CLANG_WARN_INFINITE_RECURSION = YES;
				CLANG_WARN_INT_CONVERSION = YES;
				CLANG_WARN_NON_LITERAL_NULL_CONVERSION = YES;
				CLANG_WARN_OBJC_IMPLICIT_RETAIN_SELF = YES;
				CLANG_WARN_OBJC_LITERAL_CONVERSION = YES;
				CLANG_WARN_OBJC_ROOT_CLASS = YES_ERROR;
				CLANG_WARN_QUOTED_INCLUDE_IN_FRAMEWORK_HEADER = YES;
				CLANG_WARN_RANGE_LOOP_ANALYSIS = YES;
				CLANG_WARN_STRICT_PROTOTYPES = YES;
				CLANG_WARN_SUSPICIOUS_MOVE = YES;
				CLANG_WARN_UNGUARDED_AVAILABILITY = YES_AGGRESSIVE;
				CLANG_WARN_UNREACHABLE_CODE = YES;
				CLANG_WARN__DUPLICATE_METHOD_MATCH = YES;
				COPY_PHASE_STRIP = NO;
				DEBUG_INFORMATION_FORMAT = "dwarf-with-dsym";
				ENABLE_NS_ASSERTIONS = NO;
				ENABLE_STRICT_OBJC_MSGSEND = YES;
				GCC_C_LANGUAGE_STANDARD = gnu11;
				GCC_NO_COMMON_BLOCKS = YES;
				GCC_WARN_64_TO_32_BIT_CONVERSION = YES;
				GCC_WARN_ABOUT_RETURN_TYPE = YES_ERROR;
				GCC_WARN_UNDECLARED_SELECTOR = YES;
				GCC_WARN_UNINITIALIZED_AUTOS = YES_AGGRESSIVE;
				GCC_WARN_UNUSED_FUNCTION = YES;
				GCC_WARN_UNUSED_VARIABLE = YES;
				IPHONEOS_DEPLOYMENT_TARGET = 16.2;
				MTL_ENABLE_DEBUG_INFO = NO;
				MTL_FAST_MATH = YES;
				SDKROOT = iphoneos;
				SWIFT_COMPILATION_MODE = wholemodule;
				SWIFT_OPTIMIZATION_LEVEL = "-O";
				VALIDATE_PRODUCT = YES;
			};
			name = Release;
		};
		D1357ECD29E56B5F000F2DFF /* Debug */ = {
			isa = XCBuildConfiguration;
			buildSettings = {
				ASSETCATALOG_COMPILER_APPICON_NAME = AppIcon;
				ASSETCATALOG_COMPILER_GLOBAL_ACCENT_COLOR_NAME = AccentColor;
				CODE_SIGN_STYLE = Automatic;
				CURRENT_PROJECT_VERSION = 1;
				DEVELOPMENT_TEAM = 66Q2NAKW7M;
				GENERATE_INFOPLIST_FILE = YES;
				INFOPLIST_FILE = ToDoListEunho/Info.plist;
				INFOPLIST_KEY_UIApplicationSupportsIndirectInputEvents = YES;
				INFOPLIST_KEY_UILaunchStoryboardName = LaunchScreen;
				INFOPLIST_KEY_UIMainStoryboardFile = "";
				INFOPLIST_KEY_UISupportedInterfaceOrientations_iPad = "UIInterfaceOrientationPortrait UIInterfaceOrientationPortraitUpsideDown UIInterfaceOrientationLandscapeLeft UIInterfaceOrientationLandscapeRight";
				INFOPLIST_KEY_UISupportedInterfaceOrientations_iPhone = "UIInterfaceOrientationPortrait UIInterfaceOrientationLandscapeLeft UIInterfaceOrientationLandscapeRight";
				LD_RUNPATH_SEARCH_PATHS = (
					"$(inherited)",
					"@executable_path/Frameworks",
				);
				MARKETING_VERSION = 1.0;
				PRODUCT_BUNDLE_IDENTIFIER = com.ToDoListEunho;
				PRODUCT_NAME = "$(TARGET_NAME)";
				SWIFT_EMIT_LOC_STRINGS = YES;
				SWIFT_VERSION = 5.0;
				TARGETED_DEVICE_FAMILY = "1,2";
			};
			name = Debug;
		};
		D1357ECE29E56B5F000F2DFF /* Release */ = {
			isa = XCBuildConfiguration;
			buildSettings = {
				ASSETCATALOG_COMPILER_APPICON_NAME = AppIcon;
				ASSETCATALOG_COMPILER_GLOBAL_ACCENT_COLOR_NAME = AccentColor;
				CODE_SIGN_STYLE = Automatic;
				CURRENT_PROJECT_VERSION = 1;
				DEVELOPMENT_TEAM = 66Q2NAKW7M;
				GENERATE_INFOPLIST_FILE = YES;
				INFOPLIST_FILE = ToDoListEunho/Info.plist;
				INFOPLIST_KEY_UIApplicationSupportsIndirectInputEvents = YES;
				INFOPLIST_KEY_UILaunchStoryboardName = LaunchScreen;
				INFOPLIST_KEY_UIMainStoryboardFile = "";
				INFOPLIST_KEY_UISupportedInterfaceOrientations_iPad = "UIInterfaceOrientationPortrait UIInterfaceOrientationPortraitUpsideDown UIInterfaceOrientationLandscapeLeft UIInterfaceOrientationLandscapeRight";
				INFOPLIST_KEY_UISupportedInterfaceOrientations_iPhone = "UIInterfaceOrientationPortrait UIInterfaceOrientationLandscapeLeft UIInterfaceOrientationLandscapeRight";
				LD_RUNPATH_SEARCH_PATHS = (
					"$(inherited)",
					"@executable_path/Frameworks",
				);
				MARKETING_VERSION = 1.0;
				PRODUCT_BUNDLE_IDENTIFIER = com.ToDoListEunho;
				PRODUCT_NAME = "$(TARGET_NAME)";
				SWIFT_EMIT_LOC_STRINGS = YES;
				SWIFT_VERSION = 5.0;
				TARGETED_DEVICE_FAMILY = "1,2";
			};
			name = Release;
		};
		D1357ED029E56B5F000F2DFF /* Debug */ = {
			isa = XCBuildConfiguration;
			buildSettings = {
				ALWAYS_EMBED_SWIFT_STANDARD_LIBRARIES = YES;
				BUNDLE_LOADER = "$(TEST_HOST)";
				CODE_SIGN_STYLE = Automatic;
				CURRENT_PROJECT_VERSION = 1;
				DEVELOPMENT_TEAM = 66Q2NAKW7M;
				GENERATE_INFOPLIST_FILE = YES;
				IPHONEOS_DEPLOYMENT_TARGET = 16.2;
				MARKETING_VERSION = 1.0;
				PRODUCT_BUNDLE_IDENTIFIER = com.ToDoListEunhoTests;
				PRODUCT_NAME = "$(TARGET_NAME)";
				SWIFT_EMIT_LOC_STRINGS = NO;
				SWIFT_VERSION = 5.0;
				TARGETED_DEVICE_FAMILY = "1,2";
				TEST_HOST = "$(BUILT_PRODUCTS_DIR)/ToDoListEunho.app/$(BUNDLE_EXECUTABLE_FOLDER_PATH)/ToDoListEunho";
			};
			name = Debug;
		};
		D1357ED129E56B5F000F2DFF /* Release */ = {
			isa = XCBuildConfiguration;
			buildSettings = {
				ALWAYS_EMBED_SWIFT_STANDARD_LIBRARIES = YES;
				BUNDLE_LOADER = "$(TEST_HOST)";
				CODE_SIGN_STYLE = Automatic;
				CURRENT_PROJECT_VERSION = 1;
				DEVELOPMENT_TEAM = 66Q2NAKW7M;
				GENERATE_INFOPLIST_FILE = YES;
				IPHONEOS_DEPLOYMENT_TARGET = 16.2;
				MARKETING_VERSION = 1.0;
				PRODUCT_BUNDLE_IDENTIFIER = com.ToDoListEunhoTests;
				PRODUCT_NAME = "$(TARGET_NAME)";
				SWIFT_EMIT_LOC_STRINGS = NO;
				SWIFT_VERSION = 5.0;
				TARGETED_DEVICE_FAMILY = "1,2";
				TEST_HOST = "$(BUILT_PRODUCTS_DIR)/ToDoListEunho.app/$(BUNDLE_EXECUTABLE_FOLDER_PATH)/ToDoListEunho";
			};
			name = Release;
		};
		D1357ED329E56B5F000F2DFF /* Debug */ = {
			isa = XCBuildConfiguration;
			buildSettings = {
				ALWAYS_EMBED_SWIFT_STANDARD_LIBRARIES = YES;
				CODE_SIGN_STYLE = Automatic;
				CURRENT_PROJECT_VERSION = 1;
				DEVELOPMENT_TEAM = 66Q2NAKW7M;
				GENERATE_INFOPLIST_FILE = YES;
				MARKETING_VERSION = 1.0;
				PRODUCT_BUNDLE_IDENTIFIER = com.ToDoListEunhoUITests;
				PRODUCT_NAME = "$(TARGET_NAME)";
				SWIFT_EMIT_LOC_STRINGS = NO;
				SWIFT_VERSION = 5.0;
				TARGETED_DEVICE_FAMILY = "1,2";
				TEST_TARGET_NAME = ToDoListEunho;
			};
			name = Debug;
		};
		D1357ED429E56B5F000F2DFF /* Release */ = {
			isa = XCBuildConfiguration;
			buildSettings = {
				ALWAYS_EMBED_SWIFT_STANDARD_LIBRARIES = YES;
				CODE_SIGN_STYLE = Automatic;
				CURRENT_PROJECT_VERSION = 1;
				DEVELOPMENT_TEAM = 66Q2NAKW7M;
				GENERATE_INFOPLIST_FILE = YES;
				MARKETING_VERSION = 1.0;
				PRODUCT_BUNDLE_IDENTIFIER = com.ToDoListEunhoUITests;
				PRODUCT_NAME = "$(TARGET_NAME)";
				SWIFT_EMIT_LOC_STRINGS = NO;
				SWIFT_VERSION = 5.0;
				TARGETED_DEVICE_FAMILY = "1,2";
				TEST_TARGET_NAME = ToDoListEunho;
			};
			name = Release;
		};
/* End XCBuildConfiguration section */

/* Begin XCConfigurationList section */
		D1357E9D29E56B5E000F2DFF /* Build configuration list for PBXProject "ToDoListEunho" */ = {
			isa = XCConfigurationList;
			buildConfigurations = (
				D1357ECA29E56B5F000F2DFF /* Debug */,
				D1357ECB29E56B5F000F2DFF /* Release */,
			);
			defaultConfigurationIsVisible = 0;
			defaultConfigurationName = Release;
		};
		D1357ECC29E56B5F000F2DFF /* Build configuration list for PBXNativeTarget "ToDoListEunho" */ = {
			isa = XCConfigurationList;
			buildConfigurations = (
				D1357ECD29E56B5F000F2DFF /* Debug */,
				D1357ECE29E56B5F000F2DFF /* Release */,
			);
			defaultConfigurationIsVisible = 0;
			defaultConfigurationName = Release;
		};
		D1357ECF29E56B5F000F2DFF /* Build configuration list for PBXNativeTarget "ToDoListEunhoTests" */ = {
			isa = XCConfigurationList;
			buildConfigurations = (
				D1357ED029E56B5F000F2DFF /* Debug */,
				D1357ED129E56B5F000F2DFF /* Release */,
			);
			defaultConfigurationIsVisible = 0;
			defaultConfigurationName = Release;
		};
		D1357ED229E56B5F000F2DFF /* Build configuration list for PBXNativeTarget "ToDoListEunhoUITests" */ = {
			isa = XCConfigurationList;
			buildConfigurations = (
				D1357ED329E56B5F000F2DFF /* Debug */,
				D1357ED429E56B5F000F2DFF /* Release */,
			);
			defaultConfigurationIsVisible = 0;
			defaultConfigurationName = Release;
		};
/* End XCConfigurationList section */

/* Begin XCRemoteSwiftPackageReference section */
		D1357ED529E56BBE000F2DFF /* XCRemoteSwiftPackageReference "Then" */ = {
			isa = XCRemoteSwiftPackageReference;
			repositoryURL = "https://github.com/devxoul/Then";
			requirement = {
				branch = master;
				kind = branch;
			};
		};
		D1357ED829E56BD0000F2DFF /* XCRemoteSwiftPackageReference "SnapKit" */ = {
			isa = XCRemoteSwiftPackageReference;
			repositoryURL = "https://github.com/SnapKit/SnapKit";
			requirement = {
				branch = develop;
				kind = branch;
			};
		};
/* End XCRemoteSwiftPackageReference section */

/* Begin XCSwiftPackageProductDependency section */
		D1357ED629E56BBE000F2DFF /* Then */ = {
			isa = XCSwiftPackageProductDependency;
			package = D1357ED529E56BBE000F2DFF /* XCRemoteSwiftPackageReference "Then" */;
			productName = Then;
		};
		D1357ED929E56BD0000F2DFF /* SnapKit */ = {
			isa = XCSwiftPackageProductDependency;
			package = D1357ED829E56BD0000F2DFF /* XCRemoteSwiftPackageReference "SnapKit" */;
			productName = SnapKit;
		};
/* End XCSwiftPackageProductDependency section */
	};
	rootObject = D1357E9A29E56B5E000F2DFF /* Project object */;
}
